
Microsoft Visual Studio Solution File, Format Version 12.00
# Visual Studio Version 17
VisualStudioVersion = 17.10.35027.167
MinimumVisualStudioVersion = 10.0.40219.1
Project("{9092AA53-FB77-4645-B42D-1CCCA6BD08BD}") = "epicBebraCalculator", "epicBebraCalculator\epicBebraCalculator.njsproj", "{A76247B9-0881-4ADD-ACB0-D8CBAE9D76EF}"
EndProject
Global
	GlobalSection(SolutionConfigurationPlatforms) = preSolution
		Debug|Any CPU = Debug|Any CPU
		Release|Any CPU = Release|Any CPU
	EndGlobalSection
	GlobalSection(ProjectConfigurationPlatforms) = postSolution
		{A76247B9-0881-4ADD-ACB0-D8CBAE9D76EF}.Debug|Any CPU.ActiveCfg = Debug|Any CPU
		{A76247B9-0881-4ADD-ACB0-D8CBAE9D76EF}.Debug|Any CPU.Build.0 = Debug|Any CPU
		{A76247B9-0881-4ADD-ACB0-D8CBAE9D76EF}.Release|Any CPU.ActiveCfg = Release|Any CPU
		{A76247B9-0881-4ADD-ACB0-D8CBAE9D76EF}.Release|Any CPU.Build.0 = Release|Any CPU
	EndGlobalSection
	GlobalSection(SolutionProperties) = preSolution
		HideSolutionNode = FALSE
	EndGlobalSection
	GlobalSection(ExtensibilityGlobals) = postSolution
		SolutionGuid = {51A4A86F-942F-4068-AC9B-717D74AEA871}
	EndGlobalSection
EndGlobal
